
Microsoft Visual Studio Solution File, Format Version 12.00
# Visual Studio Version 16
VisualStudioVersion = 16.0.32228.343
MinimumVisualStudioVersion = 10.0.40219.1
Project("{2150E333-8FDC-42A3-9474-1A3956D46DE8}") = "Libraries", "Libraries", "{B9418F9A-08F4-4B31-B32C-8ED6C8DE8963}"
EndProject
Project("{2150E333-8FDC-42A3-9474-1A3956D46DE8}") = "Plugins", "Plugins", "{8406B4C7-0B5B-40CE-9BBB-67C046953E68}"
EndProject
Project("{2150E333-8FDC-42A3-9474-1A3956D46DE8}") = "Presentation", "Presentation", "{C571AC43-C432-4FD1-A62C-D87ACD02F743}"
EndProject
Project("{FAE04EC0-301F-11D3-BF4B-00C04F79EFBC}") = "Arch.Core", "Arch.Core\Arch.Core.csproj", "{FDAEE0A2-0761-45E3-89C2-D6F789AD7FB6}"
EndProject
Project("{FAE04EC0-301F-11D3-BF4B-00C04F79EFBC}") = "Arch.Data", "Arch.Data\Arch.Data.csproj", "{3236BFE4-499B-47E9-AADE-51585FAB3B00}"
EndProject
Project("{FAE04EC0-301F-11D3-BF4B-00C04F79EFBC}") = "Arch.Dto", "Arch.Dto\Arch.Dto.csproj", "{A139BE85-A6EE-47DC-AC8B-2429501BA44C}"
EndProject
Project("{FAE04EC0-301F-11D3-BF4B-00C04F79EFBC}") = "Arch.Service", "Arch.Service\Arch.Service.csproj", "{13121543-A522-4E8E-AA7F-0314A5391753}"
EndProject
Project("{FAE04EC0-301F-11D3-BF4B-00C04F79EFBC}") = "Arch.Utilities", "Arch.Utilities\Arch.Utilities.csproj", "{90657B67-7DC4-4B8A-9DA6-FB34715395F5}"
EndProject
Project("{FAE04EC0-301F-11D3-BF4B-00C04F79EFBC}") = "Arch.IoC", "Arch.IoC\Arch.IoC.csproj", "{D9349749-C267-4A71-A8AE-E349555F253B}"
EndProject
Project("{FAE04EC0-301F-11D3-BF4B-00C04F79EFBC}") = "Arch.Web", "Arch.Web\Arch.Web.csproj", "{2B3A817F-57AA-44C9-AF37-B11F87B65743}"
EndProject
Project("{FAE04EC0-301F-11D3-BF4B-00C04F79EFBC}") = "Arch.WebApi", "Arch.WebApi\Arch.WebApi.csproj", "{0C053406-FC9D-4810-8B99-816A550F60EF}"
EndProject
Project("{FAE04EC0-301F-11D3-BF4B-00C04F79EFBC}") = "Arch.Web.Framework", "Arch.Web.Framework\Arch.Web.Framework.csproj", "{284BF434-7A52-458A-B0D0-FC611E7B6B8A}"
EndProject
Global
	GlobalSection(SolutionConfigurationPlatforms) = preSolution
		Debug|Any CPU = Debug|Any CPU
		Release|Any CPU = Release|Any CPU
	EndGlobalSection
	GlobalSection(ProjectConfigurationPlatforms) = postSolution
		{FDAEE0A2-0761-45E3-89C2-D6F789AD7FB6}.Debug|Any CPU.ActiveCfg = Debug|Any CPU
		{FDAEE0A2-0761-45E3-89C2-D6F789AD7FB6}.Debug|Any CPU.Build.0 = Debug|Any CPU
		{FDAEE0A2-0761-45E3-89C2-D6F789AD7FB6}.Release|Any CPU.ActiveCfg = Release|Any CPU
		{FDAEE0A2-0761-45E3-89C2-D6F789AD7FB6}.Release|Any CPU.Build.0 = Release|Any CPU
		{3236BFE4-499B-47E9-AADE-51585FAB3B00}.Debug|Any CPU.ActiveCfg = Debug|Any CPU
		{3236BFE4-499B-47E9-AADE-51585FAB3B00}.Debug|Any CPU.Build.0 = Debug|Any CPU
		{3236BFE4-499B-47E9-AADE-51585FAB3B00}.Release|Any CPU.ActiveCfg = Release|Any CPU
		{3236BFE4-499B-47E9-AADE-51585FAB3B00}.Release|Any CPU.Build.0 = Release|Any CPU
		{A139BE85-A6EE-47DC-AC8B-2429501BA44C}.Debug|Any CPU.ActiveCfg = Debug|Any CPU
		{A139BE85-A6EE-47DC-AC8B-2429501BA44C}.Debug|Any CPU.Build.0 = Debug|Any CPU
		{A139BE85-A6EE-47DC-AC8B-2429501BA44C}.Release|Any CPU.ActiveCfg = Release|Any CPU
		{A139BE85-A6EE-47DC-AC8B-2429501BA44C}.Release|Any CPU.Build.0 = Release|Any CPU
		{13121543-A522-4E8E-AA7F-0314A5391753}.Debug|Any CPU.ActiveCfg = Debug|Any CPU
		{13121543-A522-4E8E-AA7F-0314A5391753}.Debug|Any CPU.Build.0 = Debug|Any CPU
		{13121543-A522-4E8E-AA7F-0314A5391753}.Release|Any CPU.ActiveCfg = Release|Any CPU
		{13121543-A522-4E8E-AA7F-0314A5391753}.Release|Any CPU.Build.0 = Release|Any CPU
		{90657B67-7DC4-4B8A-9DA6-FB34715395F5}.Debug|Any CPU.ActiveCfg = Debug|Any CPU
		{90657B67-7DC4-4B8A-9DA6-FB34715395F5}.Debug|Any CPU.Build.0 = Debug|Any CPU
		{90657B67-7DC4-4B8A-9DA6-FB34715395F5}.Release|Any CPU.ActiveCfg = Release|Any CPU
		{90657B67-7DC4-4B8A-9DA6-FB34715395F5}.Release|Any CPU.Build.0 = Release|Any CPU
		{D9349749-C267-4A71-A8AE-E349555F253B}.Debug|Any CPU.ActiveCfg = Debug|Any CPU
		{D9349749-C267-4A71-A8AE-E349555F253B}.Debug|Any CPU.Build.0 = Debug|Any CPU
		{D9349749-C267-4A71-A8AE-E349555F253B}.Release|Any CPU.ActiveCfg = Release|Any CPU
		{D9349749-C267-4A71-A8AE-E349555F253B}.Release|Any CPU.Build.0 = Release|Any CPU
		{2B3A817F-57AA-44C9-AF37-B11F87B65743}.Debug|Any CPU.ActiveCfg = Debug|Any CPU
		{2B3A817F-57AA-44C9-AF37-B11F87B65743}.Debug|Any CPU.Build.0 = Debug|Any CPU
		{2B3A817F-57AA-44C9-AF37-B11F87B65743}.Release|Any CPU.ActiveCfg = Release|Any CPU
		{2B3A817F-57AA-44C9-AF37-B11F87B65743}.Release|Any CPU.Build.0 = Release|Any CPU
		{0C053406-FC9D-4810-8B99-816A550F60EF}.Debug|Any CPU.ActiveCfg = Debug|Any CPU
		{0C053406-FC9D-4810-8B99-816A550F60EF}.Debug|Any CPU.Build.0 = Debug|Any CPU
		{0C053406-FC9D-4810-8B99-816A550F60EF}.Release|Any CPU.ActiveCfg = Release|Any CPU
		{0C053406-FC9D-4810-8B99-816A550F60EF}.Release|Any CPU.Build.0 = Release|Any CPU
		{284BF434-7A52-458A-B0D0-FC611E7B6B8A}.Debug|Any CPU.ActiveCfg = Debug|Any CPU
		{284BF434-7A52-458A-B0D0-FC611E7B6B8A}.Debug|Any CPU.Build.0 = Debug|Any CPU
		{284BF434-7A52-458A-B0D0-FC611E7B6B8A}.Release|Any CPU.ActiveCfg = Release|Any CPU
		{284BF434-7A52-458A-B0D0-FC611E7B6B8A}.Release|Any CPU.Build.0 = Release|Any CPU
	EndGlobalSection
	GlobalSection(SolutionProperties) = preSolution
		HideSolutionNode = FALSE
	EndGlobalSection
	GlobalSection(NestedProjects) = preSolution
		{FDAEE0A2-0761-45E3-89C2-D6F789AD7FB6} = {B9418F9A-08F4-4B31-B32C-8ED6C8DE8963}
		{3236BFE4-499B-47E9-AADE-51585FAB3B00} = {B9418F9A-08F4-4B31-B32C-8ED6C8DE8963}
		{A139BE85-A6EE-47DC-AC8B-2429501BA44C} = {B9418F9A-08F4-4B31-B32C-8ED6C8DE8963}
		{13121543-A522-4E8E-AA7F-0314A5391753} = {B9418F9A-08F4-4B31-B32C-8ED6C8DE8963}
		{90657B67-7DC4-4B8A-9DA6-FB34715395F5} = {8406B4C7-0B5B-40CE-9BBB-67C046953E68}
		{D9349749-C267-4A71-A8AE-E349555F253B} = {B9418F9A-08F4-4B31-B32C-8ED6C8DE8963}
		{2B3A817F-57AA-44C9-AF37-B11F87B65743} = {C571AC43-C432-4FD1-A62C-D87ACD02F743}
		{0C053406-FC9D-4810-8B99-816A550F60EF} = {C571AC43-C432-4FD1-A62C-D87ACD02F743}
		{284BF434-7A52-458A-B0D0-FC611E7B6B8A} = {C571AC43-C432-4FD1-A62C-D87ACD02F743}
	EndGlobalSection
	GlobalSection(ExtensibilityGlobals) = postSolution
		SolutionGuid = {6C66E61F-8B5A-4688-B6A7-F005EAD2CB84}
	EndGlobalSection
EndGlobal
